
Microsoft Visual Studio Solution File, Format Version 12.00
# Visual Studio Version 17
VisualStudioVersion = 17.14.36414.22 d17.14
MinimumVisualStudioVersion = 10.0.40219.1
Project("{8BC9CEB8-8B4A-11D0-8D11-00A0C91BC942}") = "WH40k_Malum_Caedo", "WH40k_Malum_Caedo\WH40k_Malum_Caedo.vcxproj", "{1993BC22-FCD2-4275-AA40-CF8D1CA68905}"
EndProject
Global
	GlobalSection(SolutionConfigurationPlatforms) = preSolution
		Debug|x64 = Debug|x64
		Debug|x86 = Debug|x86
		Release|x64 = Release|x64
		Release|x86 = Release|x86
	EndGlobalSection
	GlobalSection(ProjectConfigurationPlatforms) = postSolution
		{1993BC22-FCD2-4275-AA40-CF8D1CA68905}.Debug|x64.ActiveCfg = Debug|x64
		{1993BC22-FCD2-4275-AA40-CF8D1CA68905}.Debug|x64.Build.0 = Debug|x64
		{1993BC22-FCD2-4275-AA40-CF8D1CA68905}.Debug|x86.ActiveCfg = Debug|Win32
		{1993BC22-FCD2-4275-AA40-CF8D1CA68905}.Debug|x86.Build.0 = Debug|Win32
		{1993BC22-FCD2-4275-AA40-CF8D1CA68905}.Release|x64.ActiveCfg = Release|x64
		{1993BC22-FCD2-4275-AA40-CF8D1CA68905}.Release|x64.Build.0 = Release|x64
		{1993BC22-FCD2-4275-AA40-CF8D1CA68905}.Release|x86.ActiveCfg = Release|Win32
		{1993BC22-FCD2-4275-AA40-CF8D1CA68905}.Release|x86.Build.0 = Release|Win32
	EndGlobalSection
	GlobalSection(SolutionProperties) = preSolution
		HideSolutionNode = FALSE
	EndGlobalSection
	GlobalSection(ExtensibilityGlobals) = postSolution
		SolutionGuid = {E0F4DD2B-3BAA-43B2-8845-4C05BA714192}
	EndGlobalSection
EndGlobal
